
Microsoft Visual Studio Solution File, Format Version 12.00
# Visual Studio Version 16
VisualStudioVersion = 16.0.36128.20
MinimumVisualStudioVersion = 10.0.40219.1
Project("{FAE04EC0-301F-11D3-BF4B-00C04F79EFBC}") = "DeckTrackerBroadcastMode", "DeckTrackerBroadcastMode\DeckTrackerBroadcastMode.csproj", "{E8170F08-7CD5-4233-BD2D-1B97A886D8C2}"
EndProject
Global
	GlobalSection(SolutionConfigurationPlatforms) = preSolution
		Debug|Any CPU = Debug|Any CPU
		Release|Any CPU = Release|Any CPU
	EndGlobalSection
	GlobalSection(ProjectConfigurationPlatforms) = postSolution
		{E8170F08-7CD5-4233-BD2D-1B97A886D8C2}.Debug|Any CPU.ActiveCfg = Debug|Any CPU
		{E8170F08-7CD5-4233-BD2D-1B97A886D8C2}.Debug|Any CPU.Build.0 = Debug|Any CPU
		{E8170F08-7CD5-4233-BD2D-1B97A886D8C2}.Release|Any CPU.ActiveCfg = Release|Any CPU
		{E8170F08-7CD5-4233-BD2D-1B97A886D8C2}.Release|Any CPU.Build.0 = Release|Any CPU
	EndGlobalSection
	GlobalSection(SolutionProperties) = preSolution
		HideSolutionNode = FALSE
	EndGlobalSection
	GlobalSection(ExtensibilityGlobals) = postSolution
		SolutionGuid = {91EFCD10-6FB9-4C27-A53C-DDC0DA6E1B4F}
	EndGlobalSection
EndGlobal
